
Microsoft Visual Studio Solution File, Format Version 12.00
# Visual Studio Version 17
VisualStudioVersion = 17.5.33424.131
MinimumVisualStudioVersion = 10.0.40219.1
Project("{FAE04EC0-301F-11D3-BF4B-00C04F79EFBC}") = "Calculadora.console.App", "Calculadora.console.App\Calculadora.console.App.csproj", "{55A056BE-B262-4B09-A2E7-653FCB3F3408}"
EndProject
Global
	GlobalSection(SolutionConfigurationPlatforms) = preSolution
		Debug|Any CPU = Debug|Any CPU
		Release|Any CPU = Release|Any CPU
	EndGlobalSection
	GlobalSection(ProjectConfigurationPlatforms) = postSolution
		{55A056BE-B262-4B09-A2E7-653FCB3F3408}.Debug|Any CPU.ActiveCfg = Debug|Any CPU
		{55A056BE-B262-4B09-A2E7-653FCB3F3408}.Debug|Any CPU.Build.0 = Debug|Any CPU
		{55A056BE-B262-4B09-A2E7-653FCB3F3408}.Release|Any CPU.ActiveCfg = Release|Any CPU
		{55A056BE-B262-4B09-A2E7-653FCB3F3408}.Release|Any CPU.Build.0 = Release|Any CPU
	EndGlobalSection
	GlobalSection(SolutionProperties) = preSolution
		HideSolutionNode = FALSE
	EndGlobalSection
	GlobalSection(ExtensibilityGlobals) = postSolution
		SolutionGuid = {A270F405-727E-466E-8259-54F8DC27CA56}
	EndGlobalSection
EndGlobal
